PODS:
  - Alamofire (4.6.0)
  - Charts (3.1.1):
    - Charts/Core (= 3.1.1)
  - Charts/Core (3.1.1)
  - FreshchatSDK (1.3.2)
  - Locksmith (4.0.0)
  - MaterialShowcase (0.5.2)
  - SwiftyJSON (4.0.0)

DEPENDENCIES:
  - Alamofire
  - Charts
  - FreshchatSDK
  - Locksmith
  - MaterialShowcase
  - SwiftyJSON

SPEC REPOS:
  https://github.com/cocoapods/specs.git:
    - Alamofire
    - Charts
    - FreshchatSDK
    - Locksmith
    - MaterialShowcase
    - SwiftyJSON

SPEC CHECKSUMS:
  Alamofire: f41a599bd63041760b26d393ec1069d9d7b917f4
  Charts: 90a4d61da0f6e06684c591e3bcab11940fe61736
  FreshchatSDK: b7e8affac53b186e689cf1f83d48a3afd7f18bb4
  Locksmith: e9bebbaaa4cee3c511bc358a44f843c3fe00e21f
  MaterialShowcase: 5f5146adcdc742d3e7369d9b3611a28f1bb5dd5a
  SwiftyJSON: 070dabdcb1beb81b247c65ffa3a79dbbfb3b48aa

PODFILE CHECKSUM: 5c50c55e908c021ebc2e8ec12a39c97c69c21fa1

COCOAPODS: 1.5.2
