PODS:
  - Alamofire (4.6.0)
  - Locksmith (4.0.0)
  - SwiftyJSON (4.0.0)

DEPENDENCIES:
  - Alamofire
  - Locksmith
  - SwiftyJSON

SPEC CHECKSUMS:
  Alamofire: f41a599bd63041760b26d393ec1069d9d7b917f4
  Locksmith: e9bebbaaa4cee3c511bc358a44f843c3fe00e21f
  SwiftyJSON: 070dabdcb1beb81b247c65ffa3a79dbbfb3b48aa

PODFILE CHECKSUM: 0726a0cc015f700aaf4e9b33f81e62743231c235

COCOAPODS: 1.4.0
