// !$*UTF8*$!
{
	archiveVersion = 1;
	classes = {
	};
	objectVersion = 48;
	objects = {

/* Begin PBXBuildFile section */
		580CC7FE205064F400EF59C1 /* IntegrationSelectController.swift in Sources */ = {isa = PBXBuildFile; fileRef = 580CC7FD205064F400EF59C1 /* IntegrationSelectController.swift */; };
		7737EEF80D4E4882DE8EAE8C /* Pods_Academus.framework in Frameworks */ = {isa = PBXBuildFile; fileRef = 13640B4FD642AD6950DA5EF0 /* Pods_Academus.framework */; };
		D7153A31204D660300CF4DC4 /* PlannerController.swift in Sources */ = {isa = PBXBuildFile; fileRef = D7153A30204D660300CF4DC4 /* PlannerController.swift */; };
		D7153A33204DF89D00CF4DC4 /* PlannerCreateCardController.swift in Sources */ = {isa = PBXBuildFile; fileRef = D7153A32204DF89D00CF4DC4 /* PlannerCreateCardController.swift */; };
		D72506CB208988AF004D0EE3 /* SettingsBundleHelper.swift in Sources */ = {isa = PBXBuildFile; fileRef = D72506CA208988AF004D0EE3 /* SettingsBundleHelper.swift */; };
		D725592E203A38DB00DBA62B /* AppDelegate.swift in Sources */ = {isa = PBXBuildFile; fileRef = D725592D203A38DB00DBA62B /* AppDelegate.swift */; };
		D7255935203A38DB00DBA62B /* Assets.xcassets in Resources */ = {isa = PBXBuildFile; fileRef = D7255934203A38DB00DBA62B /* Assets.xcassets */; };
		D7255942203A41D100DBA62B /* CoursesController.swift in Sources */ = {isa = PBXBuildFile; fileRef = D7255941203A41D100DBA62B /* CoursesController.swift */; };
		D7255944203A41E300DBA62B /* ManageController.swift in Sources */ = {isa = PBXBuildFile; fileRef = D7255943203A41E300DBA62B /* ManageController.swift */; };
		D73C2E1E20619DD700AD0C0C /* LocalNotificationService.swift in Sources */ = {isa = PBXBuildFile; fileRef = D73C2E1D20619DD700AD0C0C /* LocalNotificationService.swift */; };
		D73F6551203E5A6100144C89 /* Constants.swift in Sources */ = {isa = PBXBuildFile; fileRef = D73F6550203E5A6100144C89 /* Constants.swift */; };
		D73F6554203E763700144C89 /* CourseCell.swift in Sources */ = {isa = PBXBuildFile; fileRef = D73F6553203E763700144C89 /* CourseCell.swift */; };
		D73F655A203FA06400144C89 /* AssignmentService.swift in Sources */ = {isa = PBXBuildFile; fileRef = D73F6559203FA06400144C89 /* AssignmentService.swift */; };
		D73F655C203FA09E00144C89 /* AssignmentModel.swift in Sources */ = {isa = PBXBuildFile; fileRef = D73F655B203FA09E00144C89 /* AssignmentModel.swift */; };
		D73F655E203FE8F800144C89 /* CourseDetailsController.swift in Sources */ = {isa = PBXBuildFile; fileRef = D73F655D203FE8F800144C89 /* CourseDetailsController.swift */; };
		D73F6560203FE92500144C89 /* CourseAssignmentCell.swift in Sources */ = {isa = PBXBuildFile; fileRef = D73F655F203FE92500144C89 /* CourseAssignmentCell.swift */; };
		D75CB4A22087F64C00AAC7E0 /* CustomFCTheme.plist in Resources */ = {isa = PBXBuildFile; fileRef = D75CB4A02087F64C00AAC7E0 /* CustomFCTheme.plist */; };
		D75CB4EA2087FA4400AAC7E0 /* Settings.bundle in Resources */ = {isa = PBXBuildFile; fileRef = D75CB4E92087FA4400AAC7E0 /* Settings.bundle */; };
		D75CB4EC20881FCC00AAC7E0 /* Localizable.strings in Resources */ = {isa = PBXBuildFile; fileRef = D75CB4EB20881FCB00AAC7E0 /* Localizable.strings */; };
		D762FCF0206899240021B6F2 /* InvitesService.swift in Sources */ = {isa = PBXBuildFile; fileRef = D762FCEF206899240021B6F2 /* InvitesService.swift */; };
		D762FCF2206899C60021B6F2 /* userInvitesModel.swift in Sources */ = {isa = PBXBuildFile; fileRef = D762FCF1206899C60021B6F2 /* userInvitesModel.swift */; };
		D762FCF420689AC50021B6F2 /* ManageInvitesController.swift in Sources */ = {isa = PBXBuildFile; fileRef = D762FCF320689AC50021B6F2 /* ManageInvitesController.swift */; };
		D762FCF82069A4470021B6F2 /* CustomUI.swift in Sources */ = {isa = PBXBuildFile; fileRef = D762FCF72069A4470021B6F2 /* CustomUI.swift */; };
		D77BC0BC203E555F00AAA505 /* CourseModel.swift in Sources */ = {isa = PBXBuildFile; fileRef = D77BC0BB203E555F00AAA505 /* CourseModel.swift */; };
		D77BC0BF203E589E00AAA505 /* CourseService.swift in Sources */ = {isa = PBXBuildFile; fileRef = D77BC0BE203E589E00AAA505 /* CourseService.swift */; };
		D790B062205BB4DD00D8697F /* ManageIntegrationsController.swift in Sources */ = {isa = PBXBuildFile; fileRef = D790B060205BB4DD00D8697F /* ManageIntegrationsController.swift */; };
		D790B063205BB4DD00D8697F /* SettingsController.swift in Sources */ = {isa = PBXBuildFile; fileRef = D790B061205BB4DD00D8697F /* SettingsController.swift */; };
		D790B065205F893900D8697F /* UserIntegrationsModel.swift in Sources */ = {isa = PBXBuildFile; fileRef = D790B064205F893900D8697F /* UserIntegrationsModel.swift */; };
		D79DA988204A337500EA082A /* MainController.swift in Sources */ = {isa = PBXBuildFile; fileRef = D79DA987204A337500EA082A /* MainController.swift */; };
		D79DA98A204A58CE00EA082A /* IntegrationService.swift in Sources */ = {isa = PBXBuildFile; fileRef = D79DA989204A58CE00EA082A /* IntegrationService.swift */; };
		D79DA98C204A5EB700EA082A /* IntegrationChoiceModel.swift in Sources */ = {isa = PBXBuildFile; fileRef = D79DA98B204A5EB700EA082A /* IntegrationChoiceModel.swift */; };
		D79DA992204A631D00EA082A /* IntegrationSelectCell.swift in Sources */ = {isa = PBXBuildFile; fileRef = D79DA991204A631D00EA082A /* IntegrationSelectCell.swift */; };
		D79DA994204A799300EA082A /* IntegrationLogInController.swift in Sources */ = {isa = PBXBuildFile; fileRef = D79DA993204A799300EA082A /* IntegrationLogInController.swift */; };
		D7A6C63520571F9200605F64 /* Launch Screen.storyboard in Resources */ = {isa = PBXBuildFile; fileRef = D7A6C63420571F9200605F64 /* Launch Screen.storyboard */; };
		D7CCBC7F206C259A009654CB /* ManageHelpController.swift in Sources */ = {isa = PBXBuildFile; fileRef = D7CCBC7E206C259A009654CB /* ManageHelpController.swift */; };
		D7CCBC85206C2B00009654CB /* ManageAboutController.swift in Sources */ = {isa = PBXBuildFile; fileRef = D7CCBC84206C2B00009654CB /* ManageAboutController.swift */; };
		D7CCBC88206C5DC3009654CB /* AboutCellManager.swift in Sources */ = {isa = PBXBuildFile; fileRef = D7CCBC87206C5DC3009654CB /* AboutCellManager.swift */; };
		D7CCBC8A207D88AC009654CB /* CardCreateManager.swift in Sources */ = {isa = PBXBuildFile; fileRef = D7CCBC89207D88AC009654CB /* CardCreateManager.swift */; };
		D7CCBC8C207D9226009654CB /* PlannerMainCell.swift in Sources */ = {isa = PBXBuildFile; fileRef = D7CCBC8B207D9226009654CB /* PlannerMainCell.swift */; };
		D7D1E4282062FFF7002099B9 /* UIFont.swift in Sources */ = {isa = PBXBuildFile; fileRef = D7D1E4272062FFF7002099B9 /* UIFont.swift */; };
		D7D1E4332063000A002099B9 /* SettingsCellManager.swift in Sources */ = {isa = PBXBuildFile; fileRef = D7D1E42D20630009002099B9 /* SettingsCellManager.swift */; };
		D7D1E43820635F56002099B9 /* ManageCellManager.swift in Sources */ = {isa = PBXBuildFile; fileRef = D7D1E43720635F56002099B9 /* ManageCellManager.swift */; };
		D7F118B6203B1F1D000FFB4B /* CoreDataManager.swift in Sources */ = {isa = PBXBuildFile; fileRef = D7F118B5203B1F1D000FFB4B /* CoreDataManager.swift */; };
		D7F118B8203B254A000FFB4B /* ControllerHelpers.swift in Sources */ = {isa = PBXBuildFile; fileRef = D7F118B7203B254A000FFB4B /* ControllerHelpers.swift */; };
		D7F66243204757A70060FA8D /* AuthService.swift in Sources */ = {isa = PBXBuildFile; fileRef = D7F66242204757A70060FA8D /* AuthService.swift */; };
		D7F66246204769AB0060FA8D /* WelcomeController.swift in Sources */ = {isa = PBXBuildFile; fileRef = D7F66245204769AB0060FA8D /* WelcomeController.swift */; };
		D7F662492047985D0060FA8D /* AccountLogInController.swift in Sources */ = {isa = PBXBuildFile; fileRef = D7F662482047985D0060FA8D /* AccountLogInController.swift */; };
		D7F6624B204798F10060FA8D /* AccountCreateController.swift in Sources */ = {isa = PBXBuildFile; fileRef = D7F6624A204798F10060FA8D /* AccountCreateController.swift */; };
		D7FA4877203A560D007ADFE0 /* UIColor.swift in Sources */ = {isa = PBXBuildFile; fileRef = D7FA4876203A560D007ADFE0 /* UIColor.swift */; };
		D7FA4880203B1894007ADFE0 /* AcademusModels.xcdatamodeld in Sources */ = {isa = PBXBuildFile; fileRef = D7FA487E203B1894007ADFE0 /* AcademusModels.xcdatamodeld */; };
/* End PBXBuildFile section */

/* Begin PBXFileReference section */
		13640B4FD642AD6950DA5EF0 /* Pods_Academus.framework */ = {isa = PBXFileReference; explicitFileType = wrapper.framework; includeInIndex = 0; path = Pods_Academus.framework; sourceTree = BUILT_PRODUCTS_DIR; };
		580CC7FD205064F400EF59C1 /* IntegrationSelectController.swift */ = {isa = PBXFileReference; fileEncoding = 4; lastKnownFileType = sourcecode.swift; path = IntegrationSelectController.swift; sourceTree = "<group>"; };
		6CEFE00B8A2B3BE738650395 /* Pods-Academus.debug.xcconfig */ = {isa = PBXFileReference; includeInIndex = 1; lastKnownFileType = text.xcconfig; name = "Pods-Academus.debug.xcconfig"; path = "Pods/Target Support Files/Pods-Academus/Pods-Academus.debug.xcconfig"; sourceTree = "<group>"; };
		890075C57931A0A5D85BA6D9 /* Pods-Academus.release.xcconfig */ = {isa = PBXFileReference; includeInIndex = 1; lastKnownFileType = text.xcconfig; name = "Pods-Academus.release.xcconfig"; path = "Pods/Target Support Files/Pods-Academus/Pods-Academus.release.xcconfig"; sourceTree = "<group>"; };
		D7153A30204D660300CF4DC4 /* PlannerController.swift */ = {isa = PBXFileReference; lastKnownFileType = sourcecode.swift; path = PlannerController.swift; sourceTree = "<group>"; };
		D7153A32204DF89D00CF4DC4 /* PlannerCreateCardController.swift */ = {isa = PBXFileReference; lastKnownFileType = sourcecode.swift; path = PlannerCreateCardController.swift; sourceTree = "<group>"; };
		D71857FD20686AF3007B03AA /* Academus.entitlements */ = {isa = PBXFileReference; lastKnownFileType = text.plist.entitlements; path = Academus.entitlements; sourceTree = "<group>"; };
		D72506CA208988AF004D0EE3 /* SettingsBundleHelper.swift */ = {isa = PBXFileReference; fileEncoding = 4; lastKnownFileType = sourcecode.swift; name = SettingsBundleHelper.swift; path = "../../../../../Downloads/academus-ios-testflight/Academus/Utilities/SettingsBundleHelper.swift"; sourceTree = "<group>"; };
		D725592A203A38DB00DBA62B /* Academus.app */ = {isa = PBXFileReference; explicitFileType = wrapper.application; includeInIndex = 0; path = Academus.app; sourceTree = BUILT_PRODUCTS_DIR; };
		D725592D203A38DB00DBA62B /* AppDelegate.swift */ = {isa = PBXFileReference; lastKnownFileType = sourcecode.swift; path = AppDelegate.swift; sourceTree = "<group>"; };
		D7255934203A38DB00DBA62B /* Assets.xcassets */ = {isa = PBXFileReference; lastKnownFileType = folder.assetcatalog; path = Assets.xcassets; sourceTree = "<group>"; };
		D7255939203A38DB00DBA62B /* Info.plist */ = {isa = PBXFileReference; lastKnownFileType = text.plist.xml; path = Info.plist; sourceTree = "<group>"; };
		D7255941203A41D100DBA62B /* CoursesController.swift */ = {isa = PBXFileReference; lastKnownFileType = sourcecode.swift; path = CoursesController.swift; sourceTree = "<group>"; };
		D7255943203A41E300DBA62B /* ManageController.swift */ = {isa = PBXFileReference; lastKnownFileType = sourcecode.swift; path = ManageController.swift; sourceTree = "<group>"; };
		D73C2E1D20619DD700AD0C0C /* LocalNotificationService.swift */ = {isa = PBXFileReference; lastKnownFileType = sourcecode.swift; path = LocalNotificationService.swift; sourceTree = "<group>"; };
		D73F6550203E5A6100144C89 /* Constants.swift */ = {isa = PBXFileReference; lastKnownFileType = sourcecode.swift; path = Constants.swift; sourceTree = "<group>"; };
		D73F6553203E763700144C89 /* CourseCell.swift */ = {isa = PBXFileReference; lastKnownFileType = sourcecode.swift; path = CourseCell.swift; sourceTree = "<group>"; };
		D73F6559203FA06400144C89 /* AssignmentService.swift */ = {isa = PBXFileReference; lastKnownFileType = sourcecode.swift; path = AssignmentService.swift; sourceTree = "<group>"; };
		D73F655B203FA09E00144C89 /* AssignmentModel.swift */ = {isa = PBXFileReference; lastKnownFileType = sourcecode.swift; path = AssignmentModel.swift; sourceTree = "<group>"; };
		D73F655D203FE8F800144C89 /* CourseDetailsController.swift */ = {isa = PBXFileReference; fileEncoding = 4; lastKnownFileType = sourcecode.swift; path = CourseDetailsController.swift; sourceTree = "<group>"; };
		D73F655F203FE92500144C89 /* CourseAssignmentCell.swift */ = {isa = PBXFileReference; lastKnownFileType = sourcecode.swift; path = CourseAssignmentCell.swift; sourceTree = "<group>"; };
		D75CB49F2087E10D00AAC7E0 /* Academus-Bridging-Header.h */ = {isa = PBXFileReference; fileEncoding = 4; lastKnownFileType = sourcecode.c.h; path = "Academus-Bridging-Header.h"; sourceTree = "<group>"; };
		D75CB4A02087F64C00AAC7E0 /* CustomFCTheme.plist */ = {isa = PBXFileReference; fileEncoding = 4; lastKnownFileType = text.plist.xml; name = CustomFCTheme.plist; path = Academus/CustomFCTheme.plist; sourceTree = SOURCE_ROOT; };
		D75CB4E92087FA4400AAC7E0 /* Settings.bundle */ = {isa = PBXFileReference; lastKnownFileType = "wrapper.plug-in"; path = Settings.bundle; sourceTree = "<group>"; };
		D75CB4EB20881FCB00AAC7E0 /* Localizable.strings */ = {isa = PBXFileReference; fileEncoding = 4; lastKnownFileType = text.plist.strings; path = Localizable.strings; sourceTree = "<group>"; };
		D762FCEF206899240021B6F2 /* InvitesService.swift */ = {isa = PBXFileReference; lastKnownFileType = sourcecode.swift; path = InvitesService.swift; sourceTree = "<group>"; };
		D762FCF1206899C60021B6F2 /* userInvitesModel.swift */ = {isa = PBXFileReference; lastKnownFileType = sourcecode.swift; path = userInvitesModel.swift; sourceTree = "<group>"; };
		D762FCF320689AC50021B6F2 /* ManageInvitesController.swift */ = {isa = PBXFileReference; lastKnownFileType = sourcecode.swift; path = ManageInvitesController.swift; sourceTree = "<group>"; };
		D762FCF72069A4470021B6F2 /* CustomUI.swift */ = {isa = PBXFileReference; lastKnownFileType = sourcecode.swift; path = CustomUI.swift; sourceTree = "<group>"; };
		D77BC0BB203E555F00AAA505 /* CourseModel.swift */ = {isa = PBXFileReference; lastKnownFileType = sourcecode.swift; path = CourseModel.swift; sourceTree = "<group>"; };
		D77BC0BE203E589E00AAA505 /* CourseService.swift */ = {isa = PBXFileReference; lastKnownFileType = sourcecode.swift; path = CourseService.swift; sourceTree = "<group>"; };
		D790B060205BB4DD00D8697F /* ManageIntegrationsController.swift */ = {isa = PBXFileReference; fileEncoding = 4; lastKnownFileType = sourcecode.swift; path = ManageIntegrationsController.swift; sourceTree = "<group>"; };
		D790B061205BB4DD00D8697F /* SettingsController.swift */ = {isa = PBXFileReference; fileEncoding = 4; lastKnownFileType = sourcecode.swift; path = SettingsController.swift; sourceTree = "<group>"; };
		D790B064205F893900D8697F /* UserIntegrationsModel.swift */ = {isa = PBXFileReference; lastKnownFileType = sourcecode.swift; path = UserIntegrationsModel.swift; sourceTree = "<group>"; };
		D79DA987204A337500EA082A /* MainController.swift */ = {isa = PBXFileReference; lastKnownFileType = sourcecode.swift; path = MainController.swift; sourceTree = "<group>"; };
		D79DA989204A58CE00EA082A /* IntegrationService.swift */ = {isa = PBXFileReference; lastKnownFileType = sourcecode.swift; path = IntegrationService.swift; sourceTree = "<group>"; };
		D79DA98B204A5EB700EA082A /* IntegrationChoiceModel.swift */ = {isa = PBXFileReference; lastKnownFileType = sourcecode.swift; path = IntegrationChoiceModel.swift; sourceTree = "<group>"; };
		D79DA991204A631D00EA082A /* IntegrationSelectCell.swift */ = {isa = PBXFileReference; lastKnownFileType = sourcecode.swift; path = IntegrationSelectCell.swift; sourceTree = "<group>"; };
		D79DA993204A799300EA082A /* IntegrationLogInController.swift */ = {isa = PBXFileReference; lastKnownFileType = sourcecode.swift; path = IntegrationLogInController.swift; sourceTree = "<group>"; };
		D7A6C63420571F9200605F64 /* Launch Screen.storyboard */ = {isa = PBXFileReference; lastKnownFileType = file.storyboard; path = "Launch Screen.storyboard"; sourceTree = "<group>"; };
		D7CCBC7E206C259A009654CB /* ManageHelpController.swift */ = {isa = PBXFileReference; lastKnownFileType = sourcecode.swift; path = ManageHelpController.swift; sourceTree = "<group>"; };
		D7CCBC84206C2B00009654CB /* ManageAboutController.swift */ = {isa = PBXFileReference; lastKnownFileType = sourcecode.swift; path = ManageAboutController.swift; sourceTree = "<group>"; };
		D7CCBC87206C5DC3009654CB /* AboutCellManager.swift */ = {isa = PBXFileReference; lastKnownFileType = sourcecode.swift; path = AboutCellManager.swift; sourceTree = "<group>"; };
		D7CCBC89207D88AC009654CB /* CardCreateManager.swift */ = {isa = PBXFileReference; lastKnownFileType = sourcecode.swift; path = CardCreateManager.swift; sourceTree = "<group>"; };
		D7CCBC8B207D9226009654CB /* PlannerMainCell.swift */ = {isa = PBXFileReference; lastKnownFileType = sourcecode.swift; path = PlannerMainCell.swift; sourceTree = "<group>"; };
		D7D1E4272062FFF7002099B9 /* UIFont.swift */ = {isa = PBXFileReference; fileEncoding = 4; lastKnownFileType = sourcecode.swift; path = UIFont.swift; sourceTree = "<group>"; };
		D7D1E42D20630009002099B9 /* SettingsCellManager.swift */ = {isa = PBXFileReference; fileEncoding = 4; lastKnownFileType = sourcecode.swift; path = SettingsCellManager.swift; sourceTree = "<group>"; };
		D7D1E43720635F56002099B9 /* ManageCellManager.swift */ = {isa = PBXFileReference; fileEncoding = 4; lastKnownFileType = sourcecode.swift; path = ManageCellManager.swift; sourceTree = "<group>"; };
		D7F118B5203B1F1D000FFB4B /* CoreDataManager.swift */ = {isa = PBXFileReference; lastKnownFileType = sourcecode.swift; path = CoreDataManager.swift; sourceTree = "<group>"; };
		D7F118B7203B254A000FFB4B /* ControllerHelpers.swift */ = {isa = PBXFileReference; lastKnownFileType = sourcecode.swift; path = ControllerHelpers.swift; sourceTree = "<group>"; };
		D7F66242204757A70060FA8D /* AuthService.swift */ = {isa = PBXFileReference; lastKnownFileType = sourcecode.swift; path = AuthService.swift; sourceTree = "<group>"; };
		D7F66245204769AB0060FA8D /* WelcomeController.swift */ = {isa = PBXFileReference; lastKnownFileType = sourcecode.swift; path = WelcomeController.swift; sourceTree = "<group>"; };
		D7F662482047985D0060FA8D /* AccountLogInController.swift */ = {isa = PBXFileReference; lastKnownFileType = sourcecode.swift; path = AccountLogInController.swift; sourceTree = "<group>"; };
		D7F6624A204798F10060FA8D /* AccountCreateController.swift */ = {isa = PBXFileReference; lastKnownFileType = sourcecode.swift; path = AccountCreateController.swift; sourceTree = "<group>"; };
		D7FA4876203A560D007ADFE0 /* UIColor.swift */ = {isa = PBXFileReference; lastKnownFileType = sourcecode.swift; path = UIColor.swift; sourceTree = "<group>"; };
		D7FA487F203B1894007ADFE0 /* AcademusModels.xcdatamodel */ = {isa = PBXFileReference; lastKnownFileType = wrapper.xcdatamodel; path = AcademusModels.xcdatamodel; sourceTree = "<group>"; };
/* End PBXFileReference section */

/* Begin PBXFrameworksBuildPhase section */
		D7255927203A38DB00DBA62B /* Frameworks */ = {
			isa = PBXFrameworksBuildPhase;
			buildActionMask = 2147483647;
			files = (
				7737EEF80D4E4882DE8EAE8C /* Pods_Academus.framework in Frameworks */,
			);
			runOnlyForDeploymentPostprocessing = 0;
		};
/* End PBXFrameworksBuildPhase section */

/* Begin PBXGroup section */
		0801296D7860CA158CBBBB5C /* Frameworks */ = {
			isa = PBXGroup;
			children = (
				13640B4FD642AD6950DA5EF0 /* Pods_Academus.framework */,
			);
			name = Frameworks;
			sourceTree = "<group>";
		};
		582142C9207E832300F92E1B /* PlannerCardCreation */ = {
			isa = PBXGroup;
			children = (
				D7153A32204DF89D00CF4DC4 /* PlannerCreateCardController.swift */,
				D7CCBC8B207D9226009654CB /* PlannerMainCell.swift */,
				D7CCBC89207D88AC009654CB /* CardCreateManager.swift */,
			);
			path = PlannerCardCreation;
			sourceTree = "<group>";
		};
		A145413D4A5DE0A064FA7720 /* Pods */ = {
			isa = PBXGroup;
			children = (
				6CEFE00B8A2B3BE738650395 /* Pods-Academus.debug.xcconfig */,
				890075C57931A0A5D85BA6D9 /* Pods-Academus.release.xcconfig */,
			);
			name = Pods;
			sourceTree = "<group>";
		};
		D7153A2F204D658700CF4DC4 /* Planner */ = {
			isa = PBXGroup;
			children = (
				D7153A30204D660300CF4DC4 /* PlannerController.swift */,
				582142C9207E832300F92E1B /* PlannerCardCreation */,
			);
			path = Planner;
			sourceTree = "<group>";
		};
		D7255921203A38DB00DBA62B = {
			isa = PBXGroup;
			children = (
				D725592C203A38DB00DBA62B /* Academus */,
				D725592B203A38DB00DBA62B /* Products */,
				A145413D4A5DE0A064FA7720 /* Pods */,
				0801296D7860CA158CBBBB5C /* Frameworks */,
			);
			sourceTree = "<group>";
		};
		D725592B203A38DB00DBA62B /* Products */ = {
			isa = PBXGroup;
			children = (
				D725592A203A38DB00DBA62B /* Academus.app */,
			);
			name = Products;
			sourceTree = "<group>";
		};
		D725592C203A38DB00DBA62B /* Academus */ = {
			isa = PBXGroup;
			children = (
				D75CB49F2087E10D00AAC7E0 /* Academus-Bridging-Header.h */,
				D725592D203A38DB00DBA62B /* AppDelegate.swift */,
				D7F118B5203B1F1D000FFB4B /* CoreDataManager.swift */,
				D7FA4874203A4794007ADFE0 /* Controllers */,
				D7FA4875203A4D30007ADFE0 /* Utilities */,
				D77BC0BD203E588500AAA505 /* Services */,
				D7FA4878203B17D6007ADFE0 /* Models */,
				D7255934203A38DB00DBA62B /* Assets.xcassets */,
				D7255939203A38DB00DBA62B /* Info.plist */,
				D75CB4E92087FA4400AAC7E0 /* Settings.bundle */,
				D75CB4A02087F64C00AAC7E0 /* CustomFCTheme.plist */,
				D75CB4EB20881FCB00AAC7E0 /* Localizable.strings */,
				D7FA487E203B1894007ADFE0 /* AcademusModels.xcdatamodeld */,
				D71857FD20686AF3007B03AA /* Academus.entitlements */,
				D7A6C63420571F9200605F64 /* Launch Screen.storyboard */,
			);
			path = Academus;
			sourceTree = "<group>";
		};
		D73F6552203E761600144C89 /* Courses */ = {
			isa = PBXGroup;
			children = (
				D7255941203A41D100DBA62B /* CoursesController.swift */,
				D73F6553203E763700144C89 /* CourseCell.swift */,
				D73F655D203FE8F800144C89 /* CourseDetailsController.swift */,
				D73F655F203FE92500144C89 /* CourseAssignmentCell.swift */,
			);
			path = Courses;
			sourceTree = "<group>";
		};
		D77BC0BD203E588500AAA505 /* Services */ = {
			isa = PBXGroup;
			children = (
				D7F66242204757A70060FA8D /* AuthService.swift */,
				D77BC0BE203E589E00AAA505 /* CourseService.swift */,
				D73F6559203FA06400144C89 /* AssignmentService.swift */,
				D79DA989204A58CE00EA082A /* IntegrationService.swift */,
				D762FCEF206899240021B6F2 /* InvitesService.swift */,
				D73C2E1D20619DD700AD0C0C /* LocalNotificationService.swift */,
			);
			path = Services;
			sourceTree = "<group>";
		};
		D7A6C62F20571D4100605F64 /* Manage */ = {
			isa = PBXGroup;
			children = (
				D7D1E43720635F56002099B9 /* ManageCellManager.swift */,
				D7255943203A41E300DBA62B /* ManageController.swift */,
				D7D1E42D20630009002099B9 /* SettingsCellManager.swift */,
				D790B061205BB4DD00D8697F /* SettingsController.swift */,
				D790B060205BB4DD00D8697F /* ManageIntegrationsController.swift */,
				D762FCF320689AC50021B6F2 /* ManageInvitesController.swift */,
				D7CCBC7E206C259A009654CB /* ManageHelpController.swift */,
				D7CCBC87206C5DC3009654CB /* AboutCellManager.swift */,
				D7CCBC84206C2B00009654CB /* ManageAboutController.swift */,
			);
			path = Manage;
			sourceTree = "<group>";
		};
		D7F66244204769750060FA8D /* Account */ = {
			isa = PBXGroup;
			children = (
				D7F66245204769AB0060FA8D /* WelcomeController.swift */,
				D7F662482047985D0060FA8D /* AccountLogInController.swift */,
				D7F6624A204798F10060FA8D /* AccountCreateController.swift */,
				580CC7FD205064F400EF59C1 /* IntegrationSelectController.swift */,
				D79DA991204A631D00EA082A /* IntegrationSelectCell.swift */,
				D79DA993204A799300EA082A /* IntegrationLogInController.swift */,
			);
			path = Account;
			sourceTree = "<group>";
		};
		D7FA4874203A4794007ADFE0 /* Controllers */ = {
			isa = PBXGroup;
			children = (
				D79DA987204A337500EA082A /* MainController.swift */,
				D7F66244204769750060FA8D /* Account */,
				D7153A2F204D658700CF4DC4 /* Planner */,
				D73F6552203E761600144C89 /* Courses */,
				D7A6C62F20571D4100605F64 /* Manage */,
			);
			path = Controllers;
			sourceTree = "<group>";
		};
		D7FA4875203A4D30007ADFE0 /* Utilities */ = {
			isa = PBXGroup;
			children = (
				D72506CA208988AF004D0EE3 /* SettingsBundleHelper.swift */,
				D7D1E4272062FFF7002099B9 /* UIFont.swift */,
				D7FA4876203A560D007ADFE0 /* UIColor.swift */,
				D762FCF72069A4470021B6F2 /* CustomUI.swift */,
				D7F118B7203B254A000FFB4B /* ControllerHelpers.swift */,
				D73F6550203E5A6100144C89 /* Constants.swift */,
			);
			path = Utilities;
			sourceTree = "<group>";
		};
		D7FA4878203B17D6007ADFE0 /* Models */ = {
			isa = PBXGroup;
			children = (
				D77BC0BB203E555F00AAA505 /* CourseModel.swift */,
				D73F655B203FA09E00144C89 /* AssignmentModel.swift */,
				D79DA98B204A5EB700EA082A /* IntegrationChoiceModel.swift */,
				D790B064205F893900D8697F /* UserIntegrationsModel.swift */,
				D762FCF1206899C60021B6F2 /* userInvitesModel.swift */,
			);
			path = Models;
			sourceTree = "<group>";
		};
/* End PBXGroup section */

/* Begin PBXNativeTarget section */
		D7255929203A38DB00DBA62B /* Academus */ = {
			isa = PBXNativeTarget;
			buildConfigurationList = D725593C203A38DB00DBA62B /* Build configuration list for PBXNativeTarget "Academus" */;
			buildPhases = (
				9212CCD500F1A5B43776718F /* [CP] Check Pods Manifest.lock */,
				D7255926203A38DB00DBA62B /* Sources */,
				D7255927203A38DB00DBA62B /* Frameworks */,
				D7255928203A38DB00DBA62B /* Resources */,
				35D3B526C3535B68A4D0886A /* [CP] Embed Pods Frameworks */,
				49A15E21799DB6AA6DC53AF4 /* [CP] Copy Pods Resources */,
			);
			buildRules = (
			);
			dependencies = (
			);
			name = Academus;
			productName = SwiftData;
			productReference = D725592A203A38DB00DBA62B /* Academus.app */;
			productType = "com.apple.product-type.application";
		};
/* End PBXNativeTarget section */

/* Begin PBXProject section */
		D7255922203A38DB00DBA62B /* Project object */ = {
			isa = PBXProject;
			attributes = {
				LastSwiftUpdateCheck = 0920;
				LastUpgradeCheck = 0930;
				ORGANIZATIONNAME = "Caffeinated Insomniacs";
				TargetAttributes = {
					D7255929203A38DB00DBA62B = {
						CreatedOnToolsVersion = 9.2;
						ProvisioningStyle = Automatic;
						SystemCapabilities = {
							com.apple.BackgroundModes = {
								enabled = 1;
							};
							com.apple.Push = {
								enabled = 1;
							};
						};
					};
				};
			};
			buildConfigurationList = D7255925203A38DB00DBA62B /* Build configuration list for PBXProject "Academus" */;
			compatibilityVersion = "Xcode 8.0";
			developmentRegion = en;
			hasScannedForEncodings = 0;
			knownRegions = (
				en,
				Base,
			);
			mainGroup = D7255921203A38DB00DBA62B;
			productRefGroup = D725592B203A38DB00DBA62B /* Products */;
			projectDirPath = "";
			projectRoot = "";
			targets = (
				D7255929203A38DB00DBA62B /* Academus */,
			);
		};
/* End PBXProject section */

/* Begin PBXResourcesBuildPhase section */
		D7255928203A38DB00DBA62B /* Resources */ = {
			isa = PBXResourcesBuildPhase;
			buildActionMask = 2147483647;
			files = (
				D75CB4A22087F64C00AAC7E0 /* CustomFCTheme.plist in Resources */,
				D75CB4EC20881FCC00AAC7E0 /* Localizable.strings in Resources */,
				D7A6C63520571F9200605F64 /* Launch Screen.storyboard in Resources */,
				D75CB4EA2087FA4400AAC7E0 /* Settings.bundle in Resources */,
				D7255935203A38DB00DBA62B /* Assets.xcassets in Resources */,
			);
			runOnlyForDeploymentPostprocessing = 0;
		};
/* End PBXResourcesBuildPhase section */

/* Begin PBXShellScriptBuildPhase section */
		35D3B526C3535B68A4D0886A /* [CP] Embed Pods Frameworks */ = {
			isa = PBXShellScriptBuildPhase;
			buildActionMask = 2147483647;
			files = (
			);
			inputPaths = (
				"${SRCROOT}/Pods/Target Support Files/Pods-Academus/Pods-Academus-frameworks.sh",
				"${BUILT_PRODUCTS_DIR}/Alamofire/Alamofire.framework",
				"${BUILT_PRODUCTS_DIR}/Locksmith/Locksmith.framework",
				"${BUILT_PRODUCTS_DIR}/SwiftyJSON/SwiftyJSON.framework",
			);
			name = "[CP] Embed Pods Frameworks";
			outputPaths = (
				"${TARGET_BUILD_DIR}/${FRAMEWORKS_FOLDER_PATH}/Alamofire.framework",
				"${TARGET_BUILD_DIR}/${FRAMEWORKS_FOLDER_PATH}/Locksmith.framework",
				"${TARGET_BUILD_DIR}/${FRAMEWORKS_FOLDER_PATH}/SwiftyJSON.framework",
			);
			runOnlyForDeploymentPostprocessing = 0;
			shellPath = /bin/sh;
			shellScript = "\"${SRCROOT}/Pods/Target Support Files/Pods-Academus/Pods-Academus-frameworks.sh\"\n";
			showEnvVarsInLog = 0;
		};
		49A15E21799DB6AA6DC53AF4 /* [CP] Copy Pods Resources */ = {
			isa = PBXShellScriptBuildPhase;
			buildActionMask = 2147483647;
			files = (
			);
			inputPaths = (
				"${SRCROOT}/Pods/Target Support Files/Pods-Academus/Pods-Academus-resources.sh",
				"${PODS_ROOT}/FreshchatSDK/FreshchatSDK/FCResources.bundle",
				"${PODS_ROOT}/FreshchatSDK/FreshchatSDK/FreshchatModels.bundle",
				"${PODS_ROOT}/FreshchatSDK/FreshchatSDK/FCLocalization.bundle",
			);
			name = "[CP] Copy Pods Resources";
			outputPaths = (
				"${TARGET_BUILD_DIR}/${UNLOCALIZED_RESOURCES_FOLDER_PATH}/FCResources.bundle",
				"${TARGET_BUILD_DIR}/${UNLOCALIZED_RESOURCES_FOLDER_PATH}/FreshchatModels.bundle",
				"${TARGET_BUILD_DIR}/${UNLOCALIZED_RESOURCES_FOLDER_PATH}/FCLocalization.bundle",
			);
			runOnlyForDeploymentPostprocessing = 0;
			shellPath = /bin/sh;
			shellScript = "\"${SRCROOT}/Pods/Target Support Files/Pods-Academus/Pods-Academus-resources.sh\"\n";
			showEnvVarsInLog = 0;
		};
		9212CCD500F1A5B43776718F /* [CP] Check Pods Manifest.lock */ = {
			isa = PBXShellScriptBuildPhase;
			buildActionMask = 2147483647;
			files = (
			);
			inputPaths = (
				"${PODS_PODFILE_DIR_PATH}/Podfile.lock",
				"${PODS_ROOT}/Manifest.lock",
			);
			name = "[CP] Check Pods Manifest.lock";
			outputPaths = (
				"$(DERIVED_FILE_DIR)/Pods-Academus-checkManifestLockResult.txt",
			);
			runOnlyForDeploymentPostprocessing = 0;
			shellPath = /bin/sh;
			shellScript = "diff \"${PODS_PODFILE_DIR_PATH}/Podfile.lock\" \"${PODS_ROOT}/Manifest.lock\" > /dev/null\nif [ $? != 0 ] ; then\n    # print error to STDERR\n    echo \"error: The sandbox is not in sync with the Podfile.lock. Run 'pod install' or update your CocoaPods installation.\" >&2\n    exit 1\nfi\n# This output is used by Xcode 'outputs' to avoid re-running this script phase.\necho \"SUCCESS\" > \"${SCRIPT_OUTPUT_FILE_0}\"\n";
			showEnvVarsInLog = 0;
		};
/* End PBXShellScriptBuildPhase section */

/* Begin PBXSourcesBuildPhase section */
		D7255926203A38DB00DBA62B /* Sources */ = {
			isa = PBXSourcesBuildPhase;
			buildActionMask = 2147483647;
			files = (
				D73F6554203E763700144C89 /* CourseCell.swift in Sources */,
				580CC7FE205064F400EF59C1 /* IntegrationSelectController.swift in Sources */,
				D762FCF2206899C60021B6F2 /* userInvitesModel.swift in Sources */,
				D79DA988204A337500EA082A /* MainController.swift in Sources */,
				D77BC0BC203E555F00AAA505 /* CourseModel.swift in Sources */,
				D7CCBC8C207D9226009654CB /* PlannerMainCell.swift in Sources */,
				D73F655A203FA06400144C89 /* AssignmentService.swift in Sources */,
				D762FCF82069A4470021B6F2 /* CustomUI.swift in Sources */,
				D72506CB208988AF004D0EE3 /* SettingsBundleHelper.swift in Sources */,
				D73F655E203FE8F800144C89 /* CourseDetailsController.swift in Sources */,
				D79DA994204A799300EA082A /* IntegrationLogInController.swift in Sources */,
				D7D1E4282062FFF7002099B9 /* UIFont.swift in Sources */,
				D79DA98C204A5EB700EA082A /* IntegrationChoiceModel.swift in Sources */,
				D7D1E4332063000A002099B9 /* SettingsCellManager.swift in Sources */,
				D73F655C203FA09E00144C89 /* AssignmentModel.swift in Sources */,
				D79DA98A204A58CE00EA082A /* IntegrationService.swift in Sources */,
				D73F6551203E5A6100144C89 /* Constants.swift in Sources */,
				D762FCF0206899240021B6F2 /* InvitesService.swift in Sources */,
				D7F66246204769AB0060FA8D /* WelcomeController.swift in Sources */,
				D790B062205BB4DD00D8697F /* ManageIntegrationsController.swift in Sources */,
				D7255944203A41E300DBA62B /* ManageController.swift in Sources */,
				D7F118B8203B254A000FFB4B /* ControllerHelpers.swift in Sources */,
				D73C2E1E20619DD700AD0C0C /* LocalNotificationService.swift in Sources */,
				D7CCBC7F206C259A009654CB /* ManageHelpController.swift in Sources */,
				D7FA4880203B1894007ADFE0 /* AcademusModels.xcdatamodeld in Sources */,
				D762FCF420689AC50021B6F2 /* ManageInvitesController.swift in Sources */,
				D7255942203A41D100DBA62B /* CoursesController.swift in Sources */,
				D7CCBC8A207D88AC009654CB /* CardCreateManager.swift in Sources */,
				D7153A33204DF89D00CF4DC4 /* PlannerCreateCardController.swift in Sources */,
				D7D1E43820635F56002099B9 /* ManageCellManager.swift in Sources */,
				D725592E203A38DB00DBA62B /* AppDelegate.swift in Sources */,
				D7CCBC85206C2B00009654CB /* ManageAboutController.swift in Sources */,
				D7F118B6203B1F1D000FFB4B /* CoreDataManager.swift in Sources */,
				D7F662492047985D0060FA8D /* AccountLogInController.swift in Sources */,
				D79DA992204A631D00EA082A /* IntegrationSelectCell.swift in Sources */,
				D7CCBC88206C5DC3009654CB /* AboutCellManager.swift in Sources */,
				D7F6624B204798F10060FA8D /* AccountCreateController.swift in Sources */,
				D77BC0BF203E589E00AAA505 /* CourseService.swift in Sources */,
				D7153A31204D660300CF4DC4 /* PlannerController.swift in Sources */,
				D7F66243204757A70060FA8D /* AuthService.swift in Sources */,
				D790B065205F893900D8697F /* UserIntegrationsModel.swift in Sources */,
				D790B063205BB4DD00D8697F /* SettingsController.swift in Sources */,
				D7FA4877203A560D007ADFE0 /* UIColor.swift in Sources */,
				D73F6560203FE92500144C89 /* CourseAssignmentCell.swift in Sources */,
			);
			runOnlyForDeploymentPostprocessing = 0;
		};
/* End PBXSourcesBuildPhase section */

/* Begin XCBuildConfiguration section */
		D725593A203A38DB00DBA62B /* Debug */ = {
			isa = XCBuildConfiguration;
			buildSettings = {
				ALWAYS_SEARCH_USER_PATHS = NO;
				CLANG_ANALYZER_NONNULL = YES;
				CLANG_ANALYZER_NUMBER_OBJECT_CONVERSION = YES_AGGRESSIVE;
				CLANG_CXX_LANGUAGE_STANDARD = "gnu++14";
				CLANG_CXX_LIBRARY = "libc++";
				CLANG_ENABLE_MODULES = YES;
				CLANG_ENABLE_OBJC_ARC = YES;
				CLANG_WARN_BLOCK_CAPTURE_AUTORELEASING = YES;
				CLANG_WARN_BOOL_CONVERSION = YES;
				CLANG_WARN_COMMA = YES;
				CLANG_WARN_CONSTANT_CONVERSION = YES;
				CLANG_WARN_DEPRECATED_OBJC_IMPLEMENTATIONS = YES;
				CLANG_WARN_DIRECT_OBJC_ISA_USAGE = YES_ERROR;
				CLANG_WARN_DOCUMENTATION_COMMENTS = YES;
				CLANG_WARN_EMPTY_BODY = YES;
				CLANG_WARN_ENUM_CONVERSION = YES;
				CLANG_WARN_INFINITE_RECURSION = YES;
				CLANG_WARN_INT_CONVERSION = YES;
				CLANG_WARN_NON_LITERAL_NULL_CONVERSION = YES;
				CLANG_WARN_OBJC_IMPLICIT_RETAIN_SELF = YES;
				CLANG_WARN_OBJC_LITERAL_CONVERSION = YES;
				CLANG_WARN_OBJC_ROOT_CLASS = YES_ERROR;
				CLANG_WARN_RANGE_LOOP_ANALYSIS = YES;
				CLANG_WARN_STRICT_PROTOTYPES = YES;
				CLANG_WARN_SUSPICIOUS_MOVE = YES;
				CLANG_WARN_UNGUARDED_AVAILABILITY = YES_AGGRESSIVE;
				CLANG_WARN_UNREACHABLE_CODE = YES;
				CLANG_WARN__DUPLICATE_METHOD_MATCH = YES;
				CODE_SIGN_IDENTITY = "iPhone Developer";
				COPY_PHASE_STRIP = NO;
				DEBUG_INFORMATION_FORMAT = dwarf;
				ENABLE_STRICT_OBJC_MSGSEND = YES;
				ENABLE_TESTABILITY = YES;
				GCC_C_LANGUAGE_STANDARD = gnu11;
				GCC_DYNAMIC_NO_PIC = NO;
				GCC_NO_COMMON_BLOCKS = YES;
				GCC_OPTIMIZATION_LEVEL = 0;
				GCC_PREPROCESSOR_DEFINITIONS = (
					"DEBUG=1",
					"$(inherited)",
				);
				GCC_WARN_64_TO_32_BIT_CONVERSION = YES;
				GCC_WARN_ABOUT_RETURN_TYPE = YES_ERROR;
				GCC_WARN_UNDECLARED_SELECTOR = YES;
				GCC_WARN_UNINITIALIZED_AUTOS = YES_AGGRESSIVE;
				GCC_WARN_UNUSED_FUNCTION = YES;
				GCC_WARN_UNUSED_VARIABLE = YES;
				IPHONEOS_DEPLOYMENT_TARGET = 11.2;
				MTL_ENABLE_DEBUG_INFO = YES;
				ONLY_ACTIVE_ARCH = YES;
				SDKROOT = iphoneos;
				SWIFT_ACTIVE_COMPILATION_CONDITIONS = DEBUG;
				SWIFT_OBJC_BRIDGING_HEADER = "Academus/Academus-Bridging-Header.h";
				SWIFT_OPTIMIZATION_LEVEL = "-Onone";
			};
			name = Debug;
		};
		D725593B203A38DB00DBA62B /* Release */ = {
			isa = XCBuildConfiguration;
			buildSettings = {
				ALWAYS_SEARCH_USER_PATHS = NO;
				CLANG_ANALYZER_NONNULL = YES;
				CLANG_ANALYZER_NUMBER_OBJECT_CONVERSION = YES_AGGRESSIVE;
				CLANG_CXX_LANGUAGE_STANDARD = "gnu++14";
				CLANG_CXX_LIBRARY = "libc++";
				CLANG_ENABLE_MODULES = YES;
				CLANG_ENABLE_OBJC_ARC = YES;
				CLANG_WARN_BLOCK_CAPTURE_AUTORELEASING = YES;
				CLANG_WARN_BOOL_CONVERSION = YES;
				CLANG_WARN_COMMA = YES;
				CLANG_WARN_CONSTANT_CONVERSION = YES;
				CLANG_WARN_DEPRECATED_OBJC_IMPLEMENTATIONS = YES;
				CLANG_WARN_DIRECT_OBJC_ISA_USAGE = YES_ERROR;
				CLANG_WARN_DOCUMENTATION_COMMENTS = YES;
				CLANG_WARN_EMPTY_BODY = YES;
				CLANG_WARN_ENUM_CONVERSION = YES;
				CLANG_WARN_INFINITE_RECURSION = YES;
				CLANG_WARN_INT_CONVERSION = YES;
				CLANG_WARN_NON_LITERAL_NULL_CONVERSION = YES;
				CLANG_WARN_OBJC_IMPLICIT_RETAIN_SELF = YES;
				CLANG_WARN_OBJC_LITERAL_CONVERSION = YES;
				CLANG_WARN_OBJC_ROOT_CLASS = YES_ERROR;
				CLANG_WARN_RANGE_LOOP_ANALYSIS = YES;
				CLANG_WARN_STRICT_PROTOTYPES = YES;
				CLANG_WARN_SUSPICIOUS_MOVE = YES;
				CLANG_WARN_UNGUARDED_AVAILABILITY = YES_AGGRESSIVE;
				CLANG_WARN_UNREACHABLE_CODE = YES;
				CLANG_WARN__DUPLICATE_METHOD_MATCH = YES;
				CODE_SIGN_IDENTITY = "iPhone Developer";
				COPY_PHASE_STRIP = NO;
				DEBUG_INFORMATION_FORMAT = "dwarf-with-dsym";
				ENABLE_NS_ASSERTIONS = NO;
				ENABLE_STRICT_OBJC_MSGSEND = YES;
				GCC_C_LANGUAGE_STANDARD = gnu11;
				GCC_NO_COMMON_BLOCKS = YES;
				GCC_WARN_64_TO_32_BIT_CONVERSION = YES;
				GCC_WARN_ABOUT_RETURN_TYPE = YES_ERROR;
				GCC_WARN_UNDECLARED_SELECTOR = YES;
				GCC_WARN_UNINITIALIZED_AUTOS = YES_AGGRESSIVE;
				GCC_WARN_UNUSED_FUNCTION = YES;
				GCC_WARN_UNUSED_VARIABLE = YES;
				IPHONEOS_DEPLOYMENT_TARGET = 11.2;
				MTL_ENABLE_DEBUG_INFO = NO;
				SDKROOT = iphoneos;
				SWIFT_OBJC_BRIDGING_HEADER = "Academus/Academus-Bridging-Header.h";
				SWIFT_OPTIMIZATION_LEVEL = "-Owholemodule";
				VALIDATE_PRODUCT = YES;
			};
			name = Release;
		};
		D725593D203A38DB00DBA62B /* Debug */ = {
			isa = XCBuildConfiguration;
			baseConfigurationReference = 6CEFE00B8A2B3BE738650395 /* Pods-Academus.debug.xcconfig */;
			buildSettings = {
				ASSETCATALOG_COMPILER_APPICON_NAME = AppIcon;
				CODE_SIGN_ENTITLEMENTS = Academus/Academus.entitlements;
				"CODE_SIGN_IDENTITY[sdk=iphoneos*]" = "iPhone Developer";
				CODE_SIGN_STYLE = Automatic;
				DEVELOPMENT_TEAM = GA88828M8M;
				INFOPLIST_FILE = Academus/Info.plist;
				IPHONEOS_DEPLOYMENT_TARGET = 11.0;
				LD_RUNPATH_SEARCH_PATHS = "$(inherited) @executable_path/Frameworks";
				PRODUCT_BUNDLE_IDENTIFIER = io.academus.ios;
				PRODUCT_NAME = "$(TARGET_NAME)";
				PROVISIONING_PROFILE = "";
				PROVISIONING_PROFILE_SPECIFIER = "";
				SWIFT_VERSION = 4.0;
				TARGETED_DEVICE_FAMILY = "1,2";
			};
			name = Debug;
		};
		D725593E203A38DB00DBA62B /* Release */ = {
			isa = XCBuildConfiguration;
			baseConfigurationReference = 890075C57931A0A5D85BA6D9 /* Pods-Academus.release.xcconfig */;
			buildSettings = {
				ASSETCATALOG_COMPILER_APPICON_NAME = AppIcon;
				CODE_SIGN_ENTITLEMENTS = Academus/Academus.entitlements;
				"CODE_SIGN_IDENTITY[sdk=iphoneos*]" = "iPhone Developer";
				CODE_SIGN_STYLE = Automatic;
				DEVELOPMENT_TEAM = GA88828M8M;
				INFOPLIST_FILE = Academus/Info.plist;
				IPHONEOS_DEPLOYMENT_TARGET = 11.0;
				LD_RUNPATH_SEARCH_PATHS = "$(inherited) @executable_path/Frameworks";
				PRODUCT_BUNDLE_IDENTIFIER = io.academus.ios;
				PRODUCT_NAME = "$(TARGET_NAME)";
				PROVISIONING_PROFILE_SPECIFIER = "";
				SWIFT_VERSION = 4.0;
				TARGETED_DEVICE_FAMILY = "1,2";
			};
			name = Release;
		};
/* End XCBuildConfiguration section */

/* Begin XCConfigurationList section */
		D7255925203A38DB00DBA62B /* Build configuration list for PBXProject "Academus" */ = {
			isa = XCConfigurationList;
			buildConfigurations = (
				D725593A203A38DB00DBA62B /* Debug */,
				D725593B203A38DB00DBA62B /* Release */,
			);
			defaultConfigurationIsVisible = 0;
			defaultConfigurationName = Release;
		};
		D725593C203A38DB00DBA62B /* Build configuration list for PBXNativeTarget "Academus" */ = {
			isa = XCConfigurationList;
			buildConfigurations = (
				D725593D203A38DB00DBA62B /* Debug */,
				D725593E203A38DB00DBA62B /* Release */,
			);
			defaultConfigurationIsVisible = 0;
			defaultConfigurationName = Release;
		};
/* End XCConfigurationList section */

/* Begin XCVersionGroup section */
		D7FA487E203B1894007ADFE0 /* AcademusModels.xcdatamodeld */ = {
			isa = XCVersionGroup;
			children = (
				D7FA487F203B1894007ADFE0 /* AcademusModels.xcdatamodel */,
			);
			currentVersion = D7FA487F203B1894007ADFE0 /* AcademusModels.xcdatamodel */;
			path = AcademusModels.xcdatamodeld;
			sourceTree = "<group>";
			versionGroupType = wrapper.xcdatamodel;
		};
/* End XCVersionGroup section */
	};
	rootObject = D7255922203A38DB00DBA62B /* Project object */;
}
